
Microsoft Visual Studio Solution File, Format Version 12.00
# Visual Studio Version 17
VisualStudioVersion = 17.9.34723.18
MinimumVisualStudioVersion = 10.0.40219.1
Project("{FAE04EC0-301F-11D3-BF4B-00C04F79EFBC}") = "OJT2", "OJT2\OJT2.csproj", "{95CFF848-4A16-4F88-AEC6-43C197E68B7F}"
EndProject
Global
	GlobalSection(SolutionConfigurationPlatforms) = preSolution
		Debug|Any CPU = Debug|Any CPU
		Release|Any CPU = Release|Any CPU
	EndGlobalSection
	GlobalSection(ProjectConfigurationPlatforms) = postSolution
		{95CFF848-4A16-4F88-AEC6-43C197E68B7F}.Debug|Any CPU.ActiveCfg = Debug|Any CPU
		{95CFF848-4A16-4F88-AEC6-43C197E68B7F}.Debug|Any CPU.Build.0 = Debug|Any CPU
		{95CFF848-4A16-4F88-AEC6-43C197E68B7F}.Release|Any CPU.ActiveCfg = Release|Any CPU
		{95CFF848-4A16-4F88-AEC6-43C197E68B7F}.Release|Any CPU.Build.0 = Release|Any CPU
	EndGlobalSection
	GlobalSection(SolutionProperties) = preSolution
		HideSolutionNode = FALSE
	EndGlobalSection
	GlobalSection(ExtensibilityGlobals) = postSolution
		SolutionGuid = {B3F212E2-1E11-43B3-90DD-7F5175DC82B8}
	EndGlobalSection
EndGlobal
